
Microsoft Visual Studio Solution File, Format Version 12.00
# Visual Studio Version 16
VisualStudioVersion = 16.0.30523.141
MinimumVisualStudioVersion = 10.0.40219.1
Project("{FAE04EC0-301F-11D3-BF4B-00C04F79EFBC}") = "newflasher", "newflasher.csproj", "{7D464B70-FEAE-426C-BAF4-3E560A6A4B68}"
EndProject
Global
	GlobalSection(SolutionConfigurationPlatforms) = preSolution
		Debug|Any CPU = Debug|Any CPU
		Release|Any CPU = Release|Any CPU
	EndGlobalSection
	GlobalSection(ProjectConfigurationPlatforms) = postSolution
		{7D464B70-FEAE-426C-BAF4-3E560A6A4B68}.Debug|Any CPU.ActiveCfg = Debug|Any CPU
		{7D464B70-FEAE-426C-BAF4-3E560A6A4B68}.Debug|Any CPU.Build.0 = Debug|Any CPU
		{7D464B70-FEAE-426C-BAF4-3E560A6A4B68}.Release|Any CPU.ActiveCfg = Release|Any CPU
		{7D464B70-FEAE-426C-BAF4-3E560A6A4B68}.Release|Any CPU.Build.0 = Release|Any CPU
	EndGlobalSection
	GlobalSection(SolutionProperties) = preSolution
		HideSolutionNode = FALSE
	EndGlobalSection
	GlobalSection(ExtensibilityGlobals) = postSolution
		SolutionGuid = {7E3C8669-A702-47D6-A7DE-B0A1BDDE4367}
	EndGlobalSection
EndGlobal
